
Microsoft Visual Studio Solution File, Format Version 12.00
# Visual Studio Version 17
VisualStudioVersion = 17.8.34316.72
MinimumVisualStudioVersion = 10.0.40219.1
Project("{FAE04EC0-301F-11D3-BF4B-00C04F79EFBC}") = "SimpleMVVM4Maui", "SimpleMVVM4Maui\SimpleMVVM4Maui.csproj", "{76DA800C-889A-4A10-865A-08563CF87140}"
EndProject
Global
	GlobalSection(SolutionConfigurationPlatforms) = preSolution
		Debug|Any CPU = Debug|Any CPU
		Release|Any CPU = Release|Any CPU
	EndGlobalSection
	GlobalSection(ProjectConfigurationPlatforms) = postSolution
		{76DA800C-889A-4A10-865A-08563CF87140}.Debug|Any CPU.ActiveCfg = Debug|Any CPU
		{76DA800C-889A-4A10-865A-08563CF87140}.Debug|Any CPU.Build.0 = Debug|Any CPU
		{76DA800C-889A-4A10-865A-08563CF87140}.Debug|Any CPU.Deploy.0 = Debug|Any CPU
		{76DA800C-889A-4A10-865A-08563CF87140}.Release|Any CPU.ActiveCfg = Release|Any CPU
		{76DA800C-889A-4A10-865A-08563CF87140}.Release|Any CPU.Build.0 = Release|Any CPU
		{76DA800C-889A-4A10-865A-08563CF87140}.Release|Any CPU.Deploy.0 = Release|Any CPU
	EndGlobalSection
	GlobalSection(SolutionProperties) = preSolution
		HideSolutionNode = FALSE
	EndGlobalSection
	GlobalSection(ExtensibilityGlobals) = postSolution
		SolutionGuid = {296CF4C6-2E35-4F0D-A428-3BC5B9EE3A4E}
	EndGlobalSection
EndGlobal
